{
  "lock_version": 1,
  "generated_at": "2026-09-10T17:39:21Z",
  "commit": "1035c1b1b432f0a24c6becaa810ca287e4e9b1c9",
  "commit_short": "1035c1b",
  "branch": "feat/early-access-landing",
  "working_tree_dirty": true,
  "working_tree_note": "Refreshed against a working tree with uncommitted tracked changes; fingerprints describe the files on disk, not the commit named above.",
  "previous_lock_found": true,
  "previous_lock_note": "Auto-refreshed in place by .claude/hooks/codemap-refresh.mjs — derived fields only (fingerprints, commit, timestamp, evidence line numbers). Nodes, edges and flows were verified against the tree and left untouched.",
  "scanned_scope": [
    "apps/web",
    "packages/shared",
    "functions"
  ],
  "excluded_directories": [
    "node_modules",
    "dist",
    "build",
    "coverage",
    ".turbo",
    ".git"
  ],
  "excluded_note": "Exclusions are applied to tracked paths only; untracked and git-ignored files are never scanned because the file list comes from `git ls-files`.",
  "fingerprint_algorithm": {
    "name": "sha256-of-sorted-path-blob-pairs",
    "hash": "sha256",
    "source_list": "git ls-files <module>, filtered by excluded_directories, sorted bytewise ascending",
    "per_file": "git hash-object <path> (git blob SHA-1 of the current working-tree contents)",
    "record_format": "<path>\\0<blob_sha1>\\n",
    "digest": "sha256 over the concatenation of all records, lowercase hex",
    "deterministic": true,
    "reproduce": "for f in $(git ls-files <module> | grep -vE '(^|/)(node_modules|dist|build|coverage|\\.turbo)/' | sort); do printf '%s\\0%s\\n' \"$f\" \"$(git hash-object \"$f\")\"; done | sha256sum"
  },
  "modules": [
    {
      "id": "apps/web",
      "path": "apps/web",
      "tracked_files": 27,
      "fingerprint": "sha256:843edda7afd6dd9391b667635090220390de6e43885de9163eaed0fe89eda28d",
      "nodes": [
        "web-entry",
        "web-chrome",
        "web-sections",
        "web-early-access-form"
      ]
    },
    {
      "id": "packages/shared",
      "path": "packages/shared",
      "tracked_files": 6,
      "fingerprint": "sha256:894c1f6f4dd0dbb8d7458beb23d1a343cf32b7fa45a115ceeb7c6a696719edc3",
      "nodes": [
        "shared-early-access"
      ]
    },
    {
      "id": "functions",
      "path": "functions",
      "tracked_files": 5,
      "fingerprint": "sha256:445309c8bc65f1d2153aac87e1a7bfaf68644cc07d695af46a9ceca072d9f128",
      "nodes": [
        "fn-early-access"
      ]
    }
  ],
  "external_nodes": [
    {
      "id": "resend",
      "reason": "Not a tracked module; represented from the API call site in functions/api/early-access.ts."
    },
    {
      "id": "turnstile",
      "reason": "Not a tracked module; represented from the siteverify call site in functions/api/early-access.ts and the widget render in apps/web/src/components/EarlyAccessForm.vue."
    }
  ],
  "counts": {
    "nodes": 8,
    "edges": 11,
    "flows": 4,
    "unknown_relationships": 0
  },
  "artifacts": [
    "docs/codemap/codemap.html",
    "docs/codemap/codemap.json",
    "docs/codemap/codemap.lock"
  ],
  "regeneration_note": "These three files are generated together from the repo state named by `commit`. Never hand-edit one alone; regenerate all three.",
  "commit_note": "Written by the pre-commit hook, so this is the parent of the commit that carries it — it lags by one and is informational. Freshness is judged by module fingerprints, never by this hash.",
  "graph_fingerprint": "sha256:6eaf55144618ea3e0a41960f0b024ee66b7a4400b65c87fb34e151e0499544bc",
  "graph_fingerprint_note": "sha256 over the map's claims only — scope, nodes, edges, flows, unknowns — with generated_at and the commit excluded. This, not the module fingerprints, is what decides whether the map needs rewriting."
}
