{
  "lock_version": 1,
  "generated_at": "2026-09-10T18:26:52Z",
  "commit": "a0047ab177e7163cd17ac938b19555d5ecf67eb8",
  "commit_short": "a0047ab",
  "branch": "main",
  "working_tree_dirty": false,
  "working_tree_note": "No tracked file had uncommitted modifications at refresh time, so the fingerprints describe the commit named above exactly.",
  "previous_lock_found": true,
  "previous_lock_note": "Auto-refreshed in place by .claude/hooks/codemap-refresh.mjs — derived fields only (fingerprints, commit, timestamp, evidence line numbers). Nodes, edges and flows were verified against the tree and left untouched.",
  "scanned_scope": [
    "apps/web",
    "packages/shared",
    "functions"
  ],
  "excluded_directories": [
    "node_modules",
    "dist",
    "build",
    "coverage",
    ".turbo",
    ".git"
  ],
  "excluded_note": "Exclusions are applied to tracked paths only; untracked and git-ignored files are never scanned because the file list comes from `git ls-files`.",
  "fingerprint_algorithm": {
    "name": "sha256-of-sorted-path-blob-pairs",
    "hash": "sha256",
    "source_list": "git ls-files <module>, filtered by excluded_directories, sorted bytewise ascending",
    "per_file": "git hash-object <path> (git blob SHA-1 of the current working-tree contents)",
    "record_format": "<path>\\0<blob_sha1>\\n",
    "digest": "sha256 over the concatenation of all records, lowercase hex",
    "deterministic": true,
    "reproduce": "for f in $(git ls-files <module> | grep -vE '(^|/)(node_modules|dist|build|coverage|\\.turbo)/' | sort); do printf '%s\\0%s\\n' \"$f\" \"$(git hash-object \"$f\")\"; done | sha256sum"
  },
  "modules": [
    {
      "id": "apps/web",
      "path": "apps/web",
      "tracked_files": 27,
      "fingerprint": "sha256:1485afc8d889e147b84006bbeb1d0fa8568f1e55c30aa75d93a0aaec57398b30",
      "nodes": [
        "web-entry",
        "web-chrome",
        "web-sections",
        "web-early-access-form"
      ]
    },
    {
      "id": "packages/shared",
      "path": "packages/shared",
      "tracked_files": 6,
      "fingerprint": "sha256:322e7c90aa1ac8e6e04a4c8571cde64c413ca44a017861644751db2cb6d2ba9a",
      "nodes": [
        "shared-early-access"
      ]
    },
    {
      "id": "functions",
      "path": "functions",
      "tracked_files": 5,
      "fingerprint": "sha256:24bcfc206de1b29f60c5d5182f6a7621a8d0c394dcb83767faf0cda88caf5b45",
      "nodes": [
        "fn-early-access"
      ]
    }
  ],
  "external_nodes": [
    {
      "id": "resend",
      "reason": "Not a tracked module; represented from the API call site in functions/api/early-access.ts."
    },
    {
      "id": "turnstile",
      "reason": "Not a tracked module; represented from the siteverify call site in functions/api/early-access.ts and the widget render in apps/web/src/components/EarlyAccessForm.vue."
    }
  ],
  "counts": {
    "nodes": 8,
    "edges": 11,
    "flows": 4,
    "unknown_relationships": 0
  },
  "artifacts": [
    "docs/codemap/codemap.html",
    "docs/codemap/codemap.json",
    "docs/codemap/codemap.lock"
  ],
  "regeneration_note": "These three files are generated together from the repo state named by `commit`. Never hand-edit one alone; regenerate all three.",
  "commit_note": "Written by the pre-commit hook, so this is the parent of the commit that carries it — it lags by one and is informational. Freshness is judged by module fingerprints, never by this hash.",
  "graph_fingerprint": "sha256:6747386d40ee9386231727c0caed9f6307208e7bbe74fd771b04deda902b2729",
  "graph_fingerprint_note": "sha256 over the map's claims only — scope, nodes, edges, flows, unknowns — with generated_at and the commit excluded. This, not the module fingerprints, is what decides whether the map needs rewriting."
}
